// !$*UTF8*$!
{
	archiveVersion = 1;
	classes = {
	};
	objectVersion = 50;
	objects = {

/* Begin PBXBuildFile section */
		8760028C240FB97F000542B6 /* LiteViewController.h in Headers */ = {isa = PBXBuildFile; fileRef = 8760028A240FB97F000542B6 /* LiteViewController.h */; settings = {ATTRIBUTES = (Public, ); }; };
		87600293240FB9B3000542B6 /* LiteViewController.swift in Sources */ = {isa = PBXBuildFile; fileRef = 87600292240FB9B3000542B6 /* LiteViewController.swift */; };
		876002B8240FFCB4000542B6 /* OpaqueLiteViewController.swift in Sources */ = {isa = PBXBuildFile; fileRef = 876002B7240FFCB4000542B6 /* OpaqueLiteViewController.swift */; };
		876002BA240FFCD0000542B6 /* InternalContext.swift in Sources */ = {isa = PBXBuildFile; fileRef = 876002B9240FFCD0000542B6 /* InternalContext.swift */; };
		876002BE240FFD63000542B6 /* LiteViewControllerStackedRenderer.swift in Sources */ = {isa = PBXBuildFile; fileRef = 876002BD240FFD63000542B6 /* LiteViewControllerStackedRenderer.swift */; };
/* End PBXBuildFile section */

/* Begin PBXFileReference section */
		87600287240FB97F000542B6 /* LiteViewController.framework */ = {isa = PBXFileReference; explicitFileType = wrapper.framework; includeInIndex = 0; path = LiteViewController.framework; sourceTree = BUILT_PRODUCTS_DIR; };
		8760028A240FB97F000542B6 /* LiteViewController.h */ = {isa = PBXFileReference; lastKnownFileType = sourcecode.c.h; path = LiteViewController.h; sourceTree = "<group>"; };
		8760028B240FB97F000542B6 /* Info.plist */ = {isa = PBXFileReference; lastKnownFileType = text.plist.xml; path = Info.plist; sourceTree = "<group>"; };
		87600292240FB9B3000542B6 /* LiteViewController.swift */ = {isa = PBXFileReference; lastKnownFileType = sourcecode.swift; path = LiteViewController.swift; sourceTree = "<group>"; };
		876002B7240FFCB4000542B6 /* OpaqueLiteViewController.swift */ = {isa = PBXFileReference; lastKnownFileType = sourcecode.swift; path = OpaqueLiteViewController.swift; sourceTree = "<group>"; };
		876002B9240FFCD0000542B6 /* InternalContext.swift */ = {isa = PBXFileReference; lastKnownFileType = sourcecode.swift; path = InternalContext.swift; sourceTree = "<group>"; };
		876002BD240FFD63000542B6 /* LiteViewControllerStackedRenderer.swift */ = {isa = PBXFileReference; lastKnownFileType = sourcecode.swift; path = LiteViewControllerStackedRenderer.swift; sourceTree = "<group>"; };
/* End PBXFileReference section */

/* Begin PBXFrameworksBuildPhase section */
		87600284240FB97F000542B6 /* Frameworks */ = {
			isa = PBXFrameworksBuildPhase;
			buildActionMask = 2147483647;
			files = (
			);
			runOnlyForDeploymentPostprocessing = 0;
		};
/* End PBXFrameworksBuildPhase section */

/* Begin PBXGroup section */
		8760027D240FB97F000542B6 = {
			isa = PBXGroup;
			children = (
				87600289240FB97F000542B6 /* LiteViewController */,
				87600288240FB97F000542B6 /* Products */,
				876002AC240FEFB4000542B6 /* Frameworks */,
			);
			sourceTree = "<group>";
		};
		87600288240FB97F000542B6 /* Products */ = {
			isa = PBXGroup;
			children = (
				87600287240FB97F000542B6 /* LiteViewController.framework */,
			);
			name = Products;
			sourceTree = "<group>";
		};
		87600289240FB97F000542B6 /* LiteViewController */ = {
			isa = PBXGroup;
			children = (
				8760028A240FB97F000542B6 /* LiteViewController.h */,
				8760028B240FB97F000542B6 /* Info.plist */,
				87600292240FB9B3000542B6 /* LiteViewController.swift */,
				876002B7240FFCB4000542B6 /* OpaqueLiteViewController.swift */,
				876002B9240FFCD0000542B6 /* InternalContext.swift */,
				876002BD240FFD63000542B6 /* LiteViewControllerStackedRenderer.swift */,
			);
			path = LiteViewController;
			sourceTree = "<group>";
		};
		876002AC240FEFB4000542B6 /* Frameworks */ = {
			isa = PBXGroup;
			children = (
			);
			name = Frameworks;
			sourceTree = "<group>";
		};
/* End PBXGroup section */

/* Begin PBXHeadersBuildPhase section */
		87600282240FB97F000542B6 /* Headers */ = {
			isa = PBXHeadersBuildPhase;
			buildActionMask = 2147483647;
			files = (
				8760028C240FB97F000542B6 /* LiteViewController.h in Headers */,
			);
			runOnlyForDeploymentPostprocessing = 0;
		};
/* End PBXHeadersBuildPhase section */

/* Begin PBXNativeTarget section */
		87600286240FB97F000542B6 /* LiteViewController */ = {
			isa = PBXNativeTarget;
			buildConfigurationList = 8760028F240FB97F000542B6 /* Build configuration list for PBXNativeTarget "LiteViewController" */;
			buildPhases = (
				87600282240FB97F000542B6 /* Headers */,
				87600283240FB97F000542B6 /* Sources */,
				87600284240FB97F000542B6 /* Frameworks */,
				87600285240FB97F000542B6 /* Resources */,
			);
			buildRules = (
			);
			dependencies = (
			);
			name = LiteViewController;
			productName = StrippedViewController;
			productReference = 87600287240FB97F000542B6 /* LiteViewController.framework */;
			productType = "com.apple.product-type.framework";
		};
/* End PBXNativeTarget section */

/* Begin PBXProject section */
		8760027E240FB97F000542B6 /* Project object */ = {
			isa = PBXProject;
			attributes = {
				LastSwiftUpdateCheck = 1130;
				LastUpgradeCheck = 1130;
				ORGANIZATIONNAME = del.SYSTEMS;
				TargetAttributes = {
					87600286240FB97F000542B6 = {
						CreatedOnToolsVersion = 11.3.1;
						LastSwiftMigration = 1130;
					};
				};
			};
			buildConfigurationList = 87600281240FB97F000542B6 /* Build configuration list for PBXProject "LiteViewController" */;
			compatibilityVersion = "Xcode 9.3";
			developmentRegion = en;
			hasScannedForEncodings = 0;
			knownRegions = (
				en,
				Base,
			);
			mainGroup = 8760027D240FB97F000542B6;
			productRefGroup = 87600288240FB97F000542B6 /* Products */;
			projectDirPath = "";
			projectRoot = "";
			targets = (
				87600286240FB97F000542B6 /* LiteViewController */,
			);
		};
/* End PBXProject section */

/* Begin PBXResourcesBuildPhase section */
		87600285240FB97F000542B6 /* Resources */ = {
			isa = PBXResourcesBuildPhase;
			buildActionMask = 2147483647;
			files = (
			);
			runOnlyForDeploymentPostprocessing = 0;
		};
/* End PBXResourcesBuildPhase section */

/* Begin PBXSourcesBuildPhase section */
		87600283240FB97F000542B6 /* Sources */ = {
			isa = PBXSourcesBuildPhase;
			buildActionMask = 2147483647;
			files = (
				876002BA240FFCD0000542B6 /* InternalContext.swift in Sources */,
				876002B8240FFCB4000542B6 /* OpaqueLiteViewController.swift in Sources */,
				876002BE240FFD63000542B6 /* LiteViewControllerStackedRenderer.swift in Sources */,
				87600293240FB9B3000542B6 /* LiteViewController.swift in Sources */,
			);
			runOnlyForDeploymentPostprocessing = 0;
		};
/* End PBXSourcesBuildPhase section */

/* Begin XCBuildConfiguration section */
		8760028D240FB97F000542B6 /* Debug */ = {
			isa = XCBuildConfiguration;
			buildSettings = {
				ALWAYS_SEARCH_USER_PATHS = NO;
				CLANG_ANALYZER_NONNULL = YES;
				CLANG_ANALYZER_NUMBER_OBJECT_CONVERSION = YES_AGGRESSIVE;
				CLANG_CXX_LANGUAGE_STANDARD = "gnu++14";
				CLANG_CXX_LIBRARY = "libc++";
				CLANG_ENABLE_MODULES = YES;
				CLANG_ENABLE_OBJC_ARC = YES;
				CLANG_ENABLE_OBJC_WEAK = YES;
				CLANG_WARN_BLOCK_CAPTURE_AUTORELEASING = YES;
				CLANG_WARN_BOOL_CONVERSION = YES;
				CLANG_WARN_COMMA = YES;
				CLANG_WARN_CONSTANT_CONVERSION = YES;
				CLANG_WARN_DEPRECATED_OBJC_IMPLEMENTATIONS = YES;
				CLANG_WARN_DIRECT_OBJC_ISA_USAGE = YES_ERROR;
				CLANG_WARN_DOCUMENTATION_COMMENTS = YES;
				CLANG_WARN_EMPTY_BODY = YES;
				CLANG_WARN_ENUM_CONVERSION = YES;
				CLANG_WARN_INFINITE_RECURSION = YES;
				CLANG_WARN_INT_CONVERSION = YES;
				CLANG_WARN_NON_LITERAL_NULL_CONVERSION = YES;
				CLANG_WARN_OBJC_IMPLICIT_RETAIN_SELF = YES;
				CLANG_WARN_OBJC_LITERAL_CONVERSION = YES;
				CLANG_WARN_OBJC_ROOT_CLASS = YES_ERROR;
				CLANG_WARN_RANGE_LOOP_ANALYSIS = YES;
				CLANG_WARN_STRICT_PROTOTYPES = YES;
				CLANG_WARN_SUSPICIOUS_MOVE = YES;
				CLANG_WARN_UNGUARDED_AVAILABILITY = YES_AGGRESSIVE;
				CLANG_WARN_UNREACHABLE_CODE = YES;
				CLANG_WARN__DUPLICATE_METHOD_MATCH = YES;
				COPY_PHASE_STRIP = NO;
				CURRENT_PROJECT_VERSION = 1;
				DEBUG_INFORMATION_FORMAT = dwarf;
				ENABLE_STRICT_OBJC_MSGSEND = YES;
				ENABLE_TESTABILITY = YES;
				GCC_C_LANGUAGE_STANDARD = gnu11;
				GCC_DYNAMIC_NO_PIC = NO;
				GCC_NO_COMMON_BLOCKS = YES;
				GCC_OPTIMIZATION_LEVEL = 0;
				GCC_PREPROCESSOR_DEFINITIONS = (
					"DEBUG=1",
					"$(inherited)",
				);
				GCC_WARN_64_TO_32_BIT_CONVERSION = YES;
				GCC_WARN_ABOUT_RETURN_TYPE = YES_ERROR;
				GCC_WARN_UNDECLARED_SELECTOR = YES;
				GCC_WARN_UNINITIALIZED_AUTOS = YES_AGGRESSIVE;
				GCC_WARN_UNUSED_FUNCTION = YES;
				GCC_WARN_UNUSED_VARIABLE = YES;
				IPHONEOS_DEPLOYMENT_TARGET = 9.0;
				MTL_ENABLE_DEBUG_INFO = INCLUDE_SOURCE;
				MTL_FAST_MATH = YES;
				ONLY_ACTIVE_ARCH = YES;
				SDKROOT = iphoneos;
				SWIFT_ACTIVE_COMPILATION_CONDITIONS = DEBUG;
				SWIFT_OPTIMIZATION_LEVEL = "-Onone";
				VERSIONING_SYSTEM = "apple-generic";
				VERSION_INFO_PREFIX = "";
			};
			name = Debug;
		};
		8760028E240FB97F000542B6 /* Release */ = {
			isa = XCBuildConfiguration;
			buildSettings = {
				ALWAYS_SEARCH_USER_PATHS = NO;
				CLANG_ANALYZER_NONNULL = YES;
				CLANG_ANALYZER_NUMBER_OBJECT_CONVERSION = YES_AGGRESSIVE;
				CLANG_CXX_LANGUAGE_STANDARD = "gnu++14";
				CLANG_CXX_LIBRARY = "libc++";
				CLANG_ENABLE_MODULES = YES;
				CLANG_ENABLE_OBJC_ARC = YES;
				CLANG_ENABLE_OBJC_WEAK = YES;
				CLANG_WARN_BLOCK_CAPTURE_AUTORELEASING = YES;
				CLANG_WARN_BOOL_CONVERSION = YES;
				CLANG_WARN_COMMA = YES;
				CLANG_WARN_CONSTANT_CONVERSION = YES;
				CLANG_WARN_DEPRECATED_OBJC_IMPLEMENTATIONS = YES;
				CLANG_WARN_DIRECT_OBJC_ISA_USAGE = YES_ERROR;
				CLANG_WARN_DOCUMENTATION_COMMENTS = YES;
				CLANG_WARN_EMPTY_BODY = YES;
				CLANG_WARN_ENUM_CONVERSION = YES;
				CLANG_WARN_INFINITE_RECURSION = YES;
				CLANG_WARN_INT_CONVERSION = YES;
				CLANG_WARN_NON_LITERAL_NULL_CONVERSION = YES;
				CLANG_WARN_OBJC_IMPLICIT_RETAIN_SELF = YES;
				CLANG_WARN_OBJC_LITERAL_CONVERSION = YES;
				CLANG_WARN_OBJC_ROOT_CLASS = YES_ERROR;
				CLANG_WARN_RANGE_LOOP_ANALYSIS = YES;
				CLANG_WARN_STRICT_PROTOTYPES = YES;
				CLANG_WARN_SUSPICIOUS_MOVE = YES;
				CLANG_WARN_UNGUARDED_AVAILABILITY = YES_AGGRESSIVE;
				CLANG_WARN_UNREACHABLE_CODE = YES;
				CLANG_WARN__DUPLICATE_METHOD_MATCH = YES;
				COPY_PHASE_STRIP = NO;
				CURRENT_PROJECT_VERSION = 1;
				DEBUG_INFORMATION_FORMAT = "dwarf-with-dsym";
				ENABLE_NS_ASSERTIONS = NO;
				ENABLE_STRICT_OBJC_MSGSEND = YES;
				GCC_C_LANGUAGE_STANDARD = gnu11;
				GCC_NO_COMMON_BLOCKS = YES;
				GCC_WARN_64_TO_32_BIT_CONVERSION = YES;
				GCC_WARN_ABOUT_RETURN_TYPE = YES_ERROR;
				GCC_WARN_UNDECLARED_SELECTOR = YES;
				GCC_WARN_UNINITIALIZED_AUTOS = YES_AGGRESSIVE;
				GCC_WARN_UNUSED_FUNCTION = YES;
				GCC_WARN_UNUSED_VARIABLE = YES;
				IPHONEOS_DEPLOYMENT_TARGET = 9.0;
				MTL_ENABLE_DEBUG_INFO = NO;
				MTL_FAST_MATH = YES;
				SDKROOT = iphoneos;
				SWIFT_COMPILATION_MODE = wholemodule;
				SWIFT_OPTIMIZATION_LEVEL = "-O";
				VALIDATE_PRODUCT = YES;
				VERSIONING_SYSTEM = "apple-generic";
				VERSION_INFO_PREFIX = "";
			};
			name = Release;
		};
		87600290240FB97F000542B6 /* Debug */ = {
			isa = XCBuildConfiguration;
			buildSettings = {
				CLANG_ENABLE_MODULES = YES;
				CODE_SIGN_STYLE = Automatic;
				DEFINES_MODULE = YES;
				DEVELOPMENT_TEAM = 656N9BNR2U;
				DYLIB_COMPATIBILITY_VERSION = 1;
				DYLIB_CURRENT_VERSION = 1;
				DYLIB_INSTALL_NAME_BASE = "@rpath";
				INFOPLIST_FILE = LiteViewController/Info.plist;
				INSTALL_PATH = "$(LOCAL_LIBRARY_DIR)/Frameworks";
				LD_RUNPATH_SEARCH_PATHS = (
					"$(inherited)",
					"@executable_path/Frameworks",
					"@loader_path/Frameworks",
				);
				PRODUCT_BUNDLE_IDENTIFIER = del.systems.StrippedViewController;
				PRODUCT_NAME = "$(TARGET_NAME:c99extidentifier)";
				SKIP_INSTALL = YES;
				SWIFT_OPTIMIZATION_LEVEL = "-Onone";
				SWIFT_VERSION = 5.0;
				TARGETED_DEVICE_FAMILY = "1,2";
			};
			name = Debug;
		};
		87600291240FB97F000542B6 /* Release */ = {
			isa = XCBuildConfiguration;
			buildSettings = {
				CLANG_ENABLE_MODULES = YES;
				CODE_SIGN_STYLE = Automatic;
				DEFINES_MODULE = YES;
				DEVELOPMENT_TEAM = 656N9BNR2U;
				DYLIB_COMPATIBILITY_VERSION = 1;
				DYLIB_CURRENT_VERSION = 1;
				DYLIB_INSTALL_NAME_BASE = "@rpath";
				INFOPLIST_FILE = LiteViewController/Info.plist;
				INSTALL_PATH = "$(LOCAL_LIBRARY_DIR)/Frameworks";
				LD_RUNPATH_SEARCH_PATHS = (
					"$(inherited)",
					"@executable_path/Frameworks",
					"@loader_path/Frameworks",
				);
				PRODUCT_BUNDLE_IDENTIFIER = del.systems.StrippedViewController;
				PRODUCT_NAME = "$(TARGET_NAME:c99extidentifier)";
				SKIP_INSTALL = YES;
				SWIFT_VERSION = 5.0;
				TARGETED_DEVICE_FAMILY = "1,2";
			};
			name = Release;
		};
/* End XCBuildConfiguration section */

/* Begin XCConfigurationList section */
		87600281240FB97F000542B6 /* Build configuration list for PBXProject "LiteViewController" */ = {
			isa = XCConfigurationList;
			buildConfigurations = (
				8760028D240FB97F000542B6 /* Debug */,
				8760028E240FB97F000542B6 /* Release */,
			);
			defaultConfigurationIsVisible = 0;
			defaultConfigurationName = Release;
		};
		8760028F240FB97F000542B6 /* Build configuration list for PBXNativeTarget "LiteViewController" */ = {
			isa = XCConfigurationList;
			buildConfigurations = (
				87600290240FB97F000542B6 /* Debug */,
				87600291240FB97F000542B6 /* Release */,
			);
			defaultConfigurationIsVisible = 0;
			defaultConfigurationName = Release;
		};
/* End XCConfigurationList section */
	};
	rootObject = 8760027E240FB97F000542B6 /* Project object */;
}
